
Microsoft Visual Studio Solution File, Format Version 12.00
# Visual Studio Version 17
VisualStudioVersion = 17.9.34902.65
MinimumVisualStudioVersion = 10.0.40219.1
Project("{9A19103F-16F7-4668-BE54-9A1E7A4F7556}") = "P01_IntroToApi", "..\P01_IntroToApi\P01_IntroToApi.csproj", "{C241B32E-B82E-4FBF-88DF-0451260FB37D}"
EndProject
Project("{9A19103F-16F7-4668-BE54-9A1E7A4F7556}") = "P02_IntroToApi2", "..\P02_IntoToApi2\P02_IntroToApi2.csproj", "{5B440412-A65F-4D4B-90DE-F8E94651A718}"
EndProject
Project("{9A19103F-16F7-4668-BE54-9A1E7A4F7556}") = "P099_DTO", "P099_DTO\P099_DTO.csproj", "{468F87D5-7AB0-42F0-BC54-7D169CC1CC81}"
EndProject
Project("{9A19103F-16F7-4668-BE54-9A1E7A4F7556}") = "P099_File", "P099_File\P099_File.csproj", "{4FDFA207-63E2-4BA7-A860-00E90F40B373}"
EndProject
Project("{9A19103F-16F7-4668-BE54-9A1E7A4F7556}") = "P100_ResponseTypes", "P100_ResponseTypes\P100_ResponseTypes.csproj", "{77078B86-E0EF-44FB-A6FA-5BFB359FED9B}"
EndProject
Project("{FAE04EC0-301F-11D3-BF4B-00C04F79EFBC}") = "P103_ExternalApi", "P103_ExternalApi\P103_ExternalApi.csproj", "{BD4C632D-5D4E-4571-94C7-1A700ACF56F1}"
EndProject
Global
	GlobalSection(SolutionConfigurationPlatforms) = preSolution
		Debug|Any CPU = Debug|Any CPU
		Release|Any CPU = Release|Any CPU
	EndGlobalSection
	GlobalSection(ProjectConfigurationPlatforms) = postSolution
		{C241B32E-B82E-4FBF-88DF-0451260FB37D}.Debug|Any CPU.ActiveCfg = Debug|Any CPU
		{C241B32E-B82E-4FBF-88DF-0451260FB37D}.Debug|Any CPU.Build.0 = Debug|Any CPU
		{C241B32E-B82E-4FBF-88DF-0451260FB37D}.Release|Any CPU.ActiveCfg = Release|Any CPU
		{C241B32E-B82E-4FBF-88DF-0451260FB37D}.Release|Any CPU.Build.0 = Release|Any CPU
		{5B440412-A65F-4D4B-90DE-F8E94651A718}.Debug|Any CPU.ActiveCfg = Debug|Any CPU
		{5B440412-A65F-4D4B-90DE-F8E94651A718}.Debug|Any CPU.Build.0 = Debug|Any CPU
		{5B440412-A65F-4D4B-90DE-F8E94651A718}.Release|Any CPU.ActiveCfg = Release|Any CPU
		{5B440412-A65F-4D4B-90DE-F8E94651A718}.Release|Any CPU.Build.0 = Release|Any CPU
		{468F87D5-7AB0-42F0-BC54-7D169CC1CC81}.Debug|Any CPU.ActiveCfg = Debug|Any CPU
		{468F87D5-7AB0-42F0-BC54-7D169CC1CC81}.Debug|Any CPU.Build.0 = Debug|Any CPU
		{468F87D5-7AB0-42F0-BC54-7D169CC1CC81}.Release|Any CPU.ActiveCfg = Release|Any CPU
		{468F87D5-7AB0-42F0-BC54-7D169CC1CC81}.Release|Any CPU.Build.0 = Release|Any CPU
		{4FDFA207-63E2-4BA7-A860-00E90F40B373}.Debug|Any CPU.ActiveCfg = Debug|Any CPU
		{4FDFA207-63E2-4BA7-A860-00E90F40B373}.Debug|Any CPU.Build.0 = Debug|Any CPU
		{4FDFA207-63E2-4BA7-A860-00E90F40B373}.Release|Any CPU.ActiveCfg = Release|Any CPU
		{4FDFA207-63E2-4BA7-A860-00E90F40B373}.Release|Any CPU.Build.0 = Release|Any CPU
		{77078B86-E0EF-44FB-A6FA-5BFB359FED9B}.Debug|Any CPU.ActiveCfg = Debug|Any CPU
		{77078B86-E0EF-44FB-A6FA-5BFB359FED9B}.Debug|Any CPU.Build.0 = Debug|Any CPU
		{77078B86-E0EF-44FB-A6FA-5BFB359FED9B}.Release|Any CPU.ActiveCfg = Release|Any CPU
		{77078B86-E0EF-44FB-A6FA-5BFB359FED9B}.Release|Any CPU.Build.0 = Release|Any CPU
		{BD4C632D-5D4E-4571-94C7-1A700ACF56F1}.Debug|Any CPU.ActiveCfg = Debug|Any CPU
		{BD4C632D-5D4E-4571-94C7-1A700ACF56F1}.Debug|Any CPU.Build.0 = Debug|Any CPU
		{BD4C632D-5D4E-4571-94C7-1A700ACF56F1}.Release|Any CPU.ActiveCfg = Release|Any CPU
		{BD4C632D-5D4E-4571-94C7-1A700ACF56F1}.Release|Any CPU.Build.0 = Release|Any CPU
	EndGlobalSection
	GlobalSection(SolutionProperties) = preSolution
		HideSolutionNode = FALSE
	EndGlobalSection
	GlobalSection(ExtensibilityGlobals) = postSolution
		SolutionGuid = {29AE64F3-800C-40A5-B0A0-2762AC281CF3}
	EndGlobalSection
EndGlobal
